// !$*UTF8*$!
{
	archiveVersion = 1;
	classes = {
	};
	objectVersion = 55;
	objects = {

/* Begin PBXBuildFile section */
		54CCC58B0E3ACD53CC6242D5 /* Pods_MarketAppTests.framework in Frameworks */ = {isa = PBXBuildFile; fileRef = 5869FDAE384F893AC3D5F61C /* Pods_MarketAppTests.framework */; };
		951CB181721DA0C65AA37A4E /* Pods_MarketApp.framework in Frameworks */ = {isa = PBXBuildFile; fileRef = BD940E23C30156A239026EF0 /* Pods_MarketApp.framework */; };
		C8D43A916374929E7B674158 /* Pods_MarketApp_MarketAppUITests.framework in Frameworks */ = {isa = PBXBuildFile; fileRef = 9CBABE1014AA40C4C92B939A /* Pods_MarketApp_MarketAppUITests.framework */; };
		FA153A42277FAB7700F6C02A /* Constants.swift in Sources */ = {isa = PBXBuildFile; fileRef = FA153A41277FAB7700F6C02A /* Constants.swift */; };
		FA153A4427825FD000F6C02A /* Rechabilty.swift in Sources */ = {isa = PBXBuildFile; fileRef = FA153A4327825FD000F6C02A /* Rechabilty.swift */; };
		FA153A462782606300F6C02A /* FirebaseStorage.swift in Sources */ = {isa = PBXBuildFile; fileRef = FA153A452782606300F6C02A /* FirebaseStorage.swift */; };
		FA1F4EE027CCFA18003DCB24 /* GetItems.swift in Sources */ = {isa = PBXBuildFile; fileRef = FA1F4EDF27CCFA18003DCB24 /* GetItems.swift */; };
		FA1F4EE227CD3132003DCB24 /* ItemsTableViewCell.swift in Sources */ = {isa = PBXBuildFile; fileRef = FA1F4EE127CD3132003DCB24 /* ItemsTableViewCell.swift */; };
		FA33A6FA27D659990052785B /* Extensions.swift in Sources */ = {isa = PBXBuildFile; fileRef = FA33A6F927D659990052785B /* Extensions.swift */; };
		FA33A6FC27D662980052785B /* activityIndicator.swift in Sources */ = {isa = PBXBuildFile; fileRef = FA33A6FB27D662980052785B /* activityIndicator.swift */; };
		FA33A6FE27D673850052785B /* Functions.swift in Sources */ = {isa = PBXBuildFile; fileRef = FA33A6FD27D673850052785B /* Functions.swift */; };
		FA33A73F27DBE7900052785B /* HomeViewController.swift in Sources */ = {isa = PBXBuildFile; fileRef = FA33A73E27DBE7900052785B /* HomeViewController.swift */; };
		FA33A74227DBE8200052785B /* HomeCollectionViewCell.swift in Sources */ = {isa = PBXBuildFile; fileRef = FA33A74027DBE8200052785B /* HomeCollectionViewCell.swift */; };
		FA33A74327DBE8200052785B /* HomeCollectionViewCell.xib in Resources */ = {isa = PBXBuildFile; fileRef = FA33A74127DBE8200052785B /* HomeCollectionViewCell.xib */; };
		FA33A74627DC17EF0052785B /* offerCollectionViewCell.swift in Sources */ = {isa = PBXBuildFile; fileRef = FA33A74427DC17EF0052785B /* offerCollectionViewCell.swift */; };
		FA33A74727DC17EF0052785B /* offerCollectionViewCell.xib in Resources */ = {isa = PBXBuildFile; fileRef = FA33A74527DC17EF0052785B /* offerCollectionViewCell.xib */; };
		FA33A74D27DE48F90052785B /* ItemDetailsViewController.swift in Sources */ = {isa = PBXBuildFile; fileRef = FA33A74C27DE48F90052785B /* ItemDetailsViewController.swift */; };
		FA33A75727DE4A460052785B /* ItemImagesCollectionViewCell.swift in Sources */ = {isa = PBXBuildFile; fileRef = FA33A75527DE4A460052785B /* ItemImagesCollectionViewCell.swift */; };
		FA33A75827DE4A460052785B /* ItemImagesCollectionViewCell.xib in Resources */ = {isa = PBXBuildFile; fileRef = FA33A75627DE4A460052785B /* ItemImagesCollectionViewCell.xib */; };
		FA66212C27789652005F15C2 /* ItemsTableViewController.swift in Sources */ = {isa = PBXBuildFile; fileRef = FA66212B27789652005F15C2 /* ItemsTableViewController.swift */; };
		FA66212E2778B542005F15C2 /* Item.swift in Sources */ = {isa = PBXBuildFile; fileRef = FA66212D2778B542005F15C2 /* Item.swift */; };
		FA776B4427E0FCCE0080FA4B /* Basket.swift in Sources */ = {isa = PBXBuildFile; fileRef = FA776B4327E0FCCE0080FA4B /* Basket.swift */; };
		FA776B4627E0FEA10080FA4B /* SaveToBasket.swift in Sources */ = {isa = PBXBuildFile; fileRef = FA776B4527E0FEA10080FA4B /* SaveToBasket.swift */; };
		FA776B4B27E1021C0080FA4B /* DownloadBasket.swift in Sources */ = {isa = PBXBuildFile; fileRef = FA776B4A27E1021C0080FA4B /* DownloadBasket.swift */; };
		FAC1FADB27734AEE00B3BDC7 /* GoogleService-Info.plist in Resources */ = {isa = PBXBuildFile; fileRef = FAC1FADA27734AEE00B3BDC7 /* GoogleService-Info.plist */; };
		FAC1FADD27734B4B00B3BDC7 /* FirebaseRefrence.swift in Sources */ = {isa = PBXBuildFile; fileRef = FAC1FADC27734B4B00B3BDC7 /* FirebaseRefrence.swift */; };
		FAC1FADF27734C7800B3BDC7 /* Category.swift in Sources */ = {isa = PBXBuildFile; fileRef = FAC1FADE27734C7800B3BDC7 /* Category.swift */; };
		FACB60DD27C82B96009138C7 /* GetCategories.swift in Sources */ = {isa = PBXBuildFile; fileRef = FACB60DC27C82B96009138C7 /* GetCategories.swift */; };
		FACB60DF27C82BC0009138C7 /* UploadCategories.swift in Sources */ = {isa = PBXBuildFile; fileRef = FACB60DE27C82BC0009138C7 /* UploadCategories.swift */; };
		FACB60E127C82C22009138C7 /* UploadItems.swift in Sources */ = {isa = PBXBuildFile; fileRef = FACB60E027C82C22009138C7 /* UploadItems.swift */; };
		FAEEC4DE277343F90083EFD8 /* AppDelegate.swift in Sources */ = {isa = PBXBuildFile; fileRef = FAEEC4DD277343F90083EFD8 /* AppDelegate.swift */; };
		FAEEC4E0277343F90083EFD8 /* SceneDelegate.swift in Sources */ = {isa = PBXBuildFile; fileRef = FAEEC4DF277343F90083EFD8 /* SceneDelegate.swift */; };
		FAEEC4E2277343F90083EFD8 /* AddItemViewController.swift in Sources */ = {isa = PBXBuildFile; fileRef = FAEEC4E1277343F90083EFD8 /* AddItemViewController.swift */; };
		FAEEC4E5277343F90083EFD8 /* Main.storyboard in Resources */ = {isa = PBXBuildFile; fileRef = FAEEC4E3277343F90083EFD8 /* Main.storyboard */; };
		FAEEC4E7277343FB0083EFD8 /* Assets.xcassets in Resources */ = {isa = PBXBuildFile; fileRef = FAEEC4E6277343FB0083EFD8 /* Assets.xcassets */; };
		FAEEC4EA277343FB0083EFD8 /* LaunchScreen.storyboard in Resources */ = {isa = PBXBuildFile; fileRef = FAEEC4E8277343FB0083EFD8 /* LaunchScreen.storyboard */; };
		FAEEC4F5277343FB0083EFD8 /* MarketAppTests.swift in Sources */ = {isa = PBXBuildFile; fileRef = FAEEC4F4277343FB0083EFD8 /* MarketAppTests.swift */; };
		FAEEC4FF277343FB0083EFD8 /* MarketAppUITests.swift in Sources */ = {isa = PBXBuildFile; fileRef = FAEEC4FE277343FB0083EFD8 /* MarketAppUITests.swift */; };
		FAEEC501277343FB0083EFD8 /* MarketAppUITestsLaunchTests.swift in Sources */ = {isa = PBXBuildFile; fileRef = FAEEC500277343FB0083EFD8 /* MarketAppUITestsLaunchTests.swift */; };
/* End PBXBuildFile section */

/* Begin PBXContainerItemProxy section */
		FAEEC4F1277343FB0083EFD8 /* PBXContainerItemProxy */ = {
			isa = PBXContainerItemProxy;
			containerPortal = FAEEC4D2277343F90083EFD8 /* Project object */;
			proxyType = 1;
			remoteGlobalIDString = FAEEC4D9277343F90083EFD8;
			remoteInfo = MarketApp;
		};
		FAEEC4FB277343FB0083EFD8 /* PBXContainerItemProxy */ = {
			isa = PBXContainerItemProxy;
			containerPortal = FAEEC4D2277343F90083EFD8 /* Project object */;
			proxyType = 1;
			remoteGlobalIDString = FAEEC4D9277343F90083EFD8;
			remoteInfo = MarketApp;
		};
/* End PBXContainerItemProxy section */

/* Begin PBXFileReference section */
		3493E7CA469C830E842E0675 /* Pods-MarketAppTests.debug.xcconfig */ = {isa = PBXFileReference; includeInIndex = 1; lastKnownFileType = text.xcconfig; name = "Pods-MarketAppTests.debug.xcconfig"; path = "Target Support Files/Pods-MarketAppTests/Pods-MarketAppTests.debug.xcconfig"; sourceTree = "<group>"; };
		453371B57C0E831867AFD30D /* Pods-MarketApp-MarketAppUITests.debug.xcconfig */ = {isa = PBXFileReference; includeInIndex = 1; lastKnownFileType = text.xcconfig; name = "Pods-MarketApp-MarketAppUITests.debug.xcconfig"; path = "Target Support Files/Pods-MarketApp-MarketAppUITests/Pods-MarketApp-MarketAppUITests.debug.xcconfig"; sourceTree = "<group>"; };
		56CF2B06B8C7EF61EEC80D86 /* Pods-MarketApp.release.xcconfig */ = {isa = PBXFileReference; includeInIndex = 1; lastKnownFileType = text.xcconfig; name = "Pods-MarketApp.release.xcconfig"; path = "Target Support Files/Pods-MarketApp/Pods-MarketApp.release.xcconfig"; sourceTree = "<group>"; };
		5869FDAE384F893AC3D5F61C /* Pods_MarketAppTests.framework */ = {isa = PBXFileReference; explicitFileType = wrapper.framework; includeInIndex = 0; path = Pods_MarketAppTests.framework; sourceTree = BUILT_PRODUCTS_DIR; };
		5A024F5C7C1AA007272D5B68 /* Pods-MarketApp.debug.xcconfig */ = {isa = PBXFileReference; includeInIndex = 1; lastKnownFileType = text.xcconfig; name = "Pods-MarketApp.debug.xcconfig"; path = "Target Support Files/Pods-MarketApp/Pods-MarketApp.debug.xcconfig"; sourceTree = "<group>"; };
		9CBABE1014AA40C4C92B939A /* Pods_MarketApp_MarketAppUITests.framework */ = {isa = PBXFileReference; explicitFileType = wrapper.framework; includeInIndex = 0; path = Pods_MarketApp_MarketAppUITests.framework; sourceTree = BUILT_PRODUCTS_DIR; };
		B8E7694C948DB8661176936A /* Pods-MarketApp-MarketAppUITests.release.xcconfig */ = {isa = PBXFileReference; includeInIndex = 1; lastKnownFileType = text.xcconfig; name = "Pods-MarketApp-MarketAppUITests.release.xcconfig"; path = "Target Support Files/Pods-MarketApp-MarketAppUITests/Pods-MarketApp-MarketAppUITests.release.xcconfig"; sourceTree = "<group>"; };
		BD940E23C30156A239026EF0 /* Pods_MarketApp.framework */ = {isa = PBXFileReference; explicitFileType = wrapper.framework; includeInIndex = 0; path = Pods_MarketApp.framework; sourceTree = BUILT_PRODUCTS_DIR; };
		FA153A41277FAB7700F6C02A /* Constants.swift */ = {isa = PBXFileReference; lastKnownFileType = sourcecode.swift; path = Constants.swift; sourceTree = "<group>"; };
		FA153A4327825FD000F6C02A /* Rechabilty.swift */ = {isa = PBXFileReference; lastKnownFileType = sourcecode.swift; path = Rechabilty.swift; sourceTree = "<group>"; };
		FA153A452782606300F6C02A /* FirebaseStorage.swift */ = {isa = PBXFileReference; lastKnownFileType = sourcecode.swift; path = FirebaseStorage.swift; sourceTree = "<group>"; };
		FA1F4EDF27CCFA18003DCB24 /* GetItems.swift */ = {isa = PBXFileReference; lastKnownFileType = sourcecode.swift; path = GetItems.swift; sourceTree = "<group>"; };
		FA1F4EE127CD3132003DCB24 /* ItemsTableViewCell.swift */ = {isa = PBXFileReference; lastKnownFileType = sourcecode.swift; path = ItemsTableViewCell.swift; sourceTree = "<group>"; };
		FA33A6F927D659990052785B /* Extensions.swift */ = {isa = PBXFileReference; lastKnownFileType = sourcecode.swift; path = Extensions.swift; sourceTree = "<group>"; };
		FA33A6FB27D662980052785B /* activityIndicator.swift */ = {isa = PBXFileReference; lastKnownFileType = sourcecode.swift; path = activityIndicator.swift; sourceTree = "<group>"; };
		FA33A6FD27D673850052785B /* Functions.swift */ = {isa = PBXFileReference; lastKnownFileType = sourcecode.swift; path = Functions.swift; sourceTree = "<group>"; };
		FA33A73E27DBE7900052785B /* HomeViewController.swift */ = {isa = PBXFileReference; lastKnownFileType = sourcecode.swift; path = HomeViewController.swift; sourceTree = "<group>"; };
		FA33A74027DBE8200052785B /* HomeCollectionViewCell.swift */ = {isa = PBXFileReference; lastKnownFileType = sourcecode.swift; path = HomeCollectionViewCell.swift; sourceTree = "<group>"; };
		FA33A74127DBE8200052785B /* HomeCollectionViewCell.xib */ = {isa = PBXFileReference; lastKnownFileType = file.xib; path = HomeCollectionViewCell.xib; sourceTree = "<group>"; };
		FA33A74427DC17EF0052785B /* offerCollectionViewCell.swift */ = {isa = PBXFileReference; lastKnownFileType = sourcecode.swift; path = offerCollectionViewCell.swift; sourceTree = "<group>"; };
		FA33A74527DC17EF0052785B /* offerCollectionViewCell.xib */ = {isa = PBXFileReference; lastKnownFileType = file.xib; path = offerCollectionViewCell.xib; sourceTree = "<group>"; };
		FA33A74C27DE48F90052785B /* ItemDetailsViewController.swift */ = {isa = PBXFileReference; lastKnownFileType = sourcecode.swift; path = ItemDetailsViewController.swift; sourceTree = "<group>"; };
		FA33A75527DE4A460052785B /* ItemImagesCollectionViewCell.swift */ = {isa = PBXFileReference; lastKnownFileType = sourcecode.swift; path = ItemImagesCollectionViewCell.swift; sourceTree = "<group>"; };
		FA33A75627DE4A460052785B /* ItemImagesCollectionViewCell.xib */ = {isa = PBXFileReference; lastKnownFileType = file.xib; path = ItemImagesCollectionViewCell.xib; sourceTree = "<group>"; };
		FA66212B27789652005F15C2 /* ItemsTableViewController.swift */ = {isa = PBXFileReference; lastKnownFileType = sourcecode.swift; path = ItemsTableViewController.swift; sourceTree = "<group>"; };
		FA66212D2778B542005F15C2 /* Item.swift */ = {isa = PBXFileReference; lastKnownFileType = sourcecode.swift; path = Item.swift; sourceTree = "<group>"; };
		FA776B4327E0FCCE0080FA4B /* Basket.swift */ = {isa = PBXFileReference; lastKnownFileType = sourcecode.swift; path = Basket.swift; sourceTree = "<group>"; };
		FA776B4527E0FEA10080FA4B /* SaveToBasket.swift */ = {isa = PBXFileReference; lastKnownFileType = sourcecode.swift; path = SaveToBasket.swift; sourceTree = "<group>"; };
		FA776B4A27E1021C0080FA4B /* DownloadBasket.swift */ = {isa = PBXFileReference; lastKnownFileType = sourcecode.swift; path = DownloadBasket.swift; sourceTree = "<group>"; };
		FAC1FADA27734AEE00B3BDC7 /* GoogleService-Info.plist */ = {isa = PBXFileReference; fileEncoding = 4; lastKnownFileType = text.plist.xml; name = "GoogleService-Info.plist"; path = "../../../../Downloads/GoogleService-Info.plist"; sourceTree = "<group>"; };
		FAC1FADC27734B4B00B3BDC7 /* FirebaseRefrence.swift */ = {isa = PBXFileReference; lastKnownFileType = sourcecode.swift; path = FirebaseRefrence.swift; sourceTree = "<group>"; };
		FAC1FADE27734C7800B3BDC7 /* Category.swift */ = {isa = PBXFileReference; lastKnownFileType = sourcecode.swift; path = Category.swift; sourceTree = "<group>"; };
		FACB60DC27C82B96009138C7 /* GetCategories.swift */ = {isa = PBXFileReference; lastKnownFileType = sourcecode.swift; path = GetCategories.swift; sourceTree = "<group>"; };
		FACB60DE27C82BC0009138C7 /* UploadCategories.swift */ = {isa = PBXFileReference; lastKnownFileType = sourcecode.swift; path = UploadCategories.swift; sourceTree = "<group>"; };
		FACB60E027C82C22009138C7 /* UploadItems.swift */ = {isa = PBXFileReference; lastKnownFileType = sourcecode.swift; path = UploadItems.swift; sourceTree = "<group>"; };
		FAEEC4DA277343F90083EFD8 /* MarketApp.app */ = {isa = PBXFileReference; explicitFileType = wrapper.application; includeInIndex = 0; path = MarketApp.app; sourceTree = BUILT_PRODUCTS_DIR; };
		FAEEC4DD277343F90083EFD8 /* AppDelegate.swift */ = {isa = PBXFileReference; lastKnownFileType = sourcecode.swift; path = AppDelegate.swift; sourceTree = "<group>"; };
		FAEEC4DF277343F90083EFD8 /* SceneDelegate.swift */ = {isa = PBXFileReference; lastKnownFileType = sourcecode.swift; path = SceneDelegate.swift; sourceTree = "<group>"; };
		FAEEC4E1277343F90083EFD8 /* AddItemViewController.swift */ = {isa = PBXFileReference; lastKnownFileType = sourcecode.swift; path = AddItemViewController.swift; sourceTree = "<group>"; };
		FAEEC4E4277343F90083EFD8 /* Base */ = {isa = PBXFileReference; lastKnownFileType = file.storyboard; name = Base; path = Base.lproj/Main.storyboard; sourceTree = "<group>"; };
		FAEEC4E6277343FB0083EFD8 /* Assets.xcassets */ = {isa = PBXFileReference; lastKnownFileType = folder.assetcatalog; path = Assets.xcassets; sourceTree = "<group>"; };
		FAEEC4E9277343FB0083EFD8 /* Base */ = {isa = PBXFileReference; lastKnownFileType = file.storyboard; name = Base; path = Base.lproj/LaunchScreen.storyboard; sourceTree = "<group>"; };
		FAEEC4EB277343FB0083EFD8 /* Info.plist */ = {isa = PBXFileReference; lastKnownFileType = text.plist.xml; path = Info.plist; sourceTree = "<group>"; };
		FAEEC4F0277343FB0083EFD8 /* MarketAppTests.xctest */ = {isa = PBXFileReference; explicitFileType = wrapper.cfbundle; includeInIndex = 0; path = MarketAppTests.xctest; sourceTree = BUILT_PRODUCTS_DIR; };
		FAEEC4F4277343FB0083EFD8 /* MarketAppTests.swift */ = {isa = PBXFileReference; lastKnownFileType = sourcecode.swift; path = MarketAppTests.swift; sourceTree = "<group>"; };
		FAEEC4FA277343FB0083EFD8 /* MarketAppUITests.xctest */ = {isa = PBXFileReference; explicitFileType = wrapper.cfbundle; includeInIndex = 0; path = MarketAppUITests.xctest; sourceTree = BUILT_PRODUCTS_DIR; };
		FAEEC4FE277343FB0083EFD8 /* MarketAppUITests.swift */ = {isa = PBXFileReference; lastKnownFileType = sourcecode.swift; path = MarketAppUITests.swift; sourceTree = "<group>"; };
		FAEEC500277343FB0083EFD8 /* MarketAppUITestsLaunchTests.swift */ = {isa = PBXFileReference; lastKnownFileType = sourcecode.swift; path = MarketAppUITestsLaunchTests.swift; sourceTree = "<group>"; };
		FDE39A9FC6FB89F4787F8BCD /* Pods-MarketAppTests.release.xcconfig */ = {isa = PBXFileReference; includeInIndex = 1; lastKnownFileType = text.xcconfig; name = "Pods-MarketAppTests.release.xcconfig"; path = "Target Support Files/Pods-MarketAppTests/Pods-MarketAppTests.release.xcconfig"; sourceTree = "<group>"; };
/* End PBXFileReference section */

/* Begin PBXFrameworksBuildPhase section */
		FAEEC4D7277343F90083EFD8 /* Frameworks */ = {
			isa = PBXFrameworksBuildPhase;
			buildActionMask = 2147483647;
			files = (
				951CB181721DA0C65AA37A4E /* Pods_MarketApp.framework in Frameworks */,
			);
			runOnlyForDeploymentPostprocessing = 0;
		};
		FAEEC4ED277343FB0083EFD8 /* Frameworks */ = {
			isa = PBXFrameworksBuildPhase;
			buildActionMask = 2147483647;
			files = (
				54CCC58B0E3ACD53CC6242D5 /* Pods_MarketAppTests.framework in Frameworks */,
			);
			runOnlyForDeploymentPostprocessing = 0;
		};
		FAEEC4F7277343FB0083EFD8 /* Frameworks */ = {
			isa = PBXFrameworksBuildPhase;
			buildActionMask = 2147483647;
			files = (
				C8D43A916374929E7B674158 /* Pods_MarketApp_MarketAppUITests.framework in Frameworks */,
			);
			runOnlyForDeploymentPostprocessing = 0;
		};
/* End PBXFrameworksBuildPhase section */

/* Begin PBXGroup section */
		0441DCBE25180B3628A3AA41 /* Pods */ = {
			isa = PBXGroup;
			children = (
				5A024F5C7C1AA007272D5B68 /* Pods-MarketApp.debug.xcconfig */,
				56CF2B06B8C7EF61EEC80D86 /* Pods-MarketApp.release.xcconfig */,
				453371B57C0E831867AFD30D /* Pods-MarketApp-MarketAppUITests.debug.xcconfig */,
				B8E7694C948DB8661176936A /* Pods-MarketApp-MarketAppUITests.release.xcconfig */,
				3493E7CA469C830E842E0675 /* Pods-MarketAppTests.debug.xcconfig */,
				FDE39A9FC6FB89F4787F8BCD /* Pods-MarketAppTests.release.xcconfig */,
			);
			path = Pods;
			sourceTree = "<group>";
		};
		97FBB5A01D9D44250F84845F /* Frameworks */ = {
			isa = PBXGroup;
			children = (
				BD940E23C30156A239026EF0 /* Pods_MarketApp.framework */,
				9CBABE1014AA40C4C92B939A /* Pods_MarketApp_MarketAppUITests.framework */,
				5869FDAE384F893AC3D5F61C /* Pods_MarketAppTests.framework */,
			);
			name = Frameworks;
			sourceTree = "<group>";
		};
		FA1BF6D627751C600092D6F9 /* CustomCells */ = {
			isa = PBXGroup;
			children = (
				FA33A75427DE4A050052785B /* ItemImagesCell */,
				FA33A74B27DE0FEB0052785B /* ItemCell */,
				FA33A74A27DE0FCB0052785B /* HomeCell */,
				FA33A74927DE0FB10052785B /* OfferCell */,
			);
			path = CustomCells;
			sourceTree = "<group>";
		};
		FA1BF6D727751C7E0092D6F9 /* Controllers */ = {
			isa = PBXGroup;
			children = (
				FA33A73E27DBE7900052785B /* HomeViewController.swift */,
				FAEEC4E1277343F90083EFD8 /* AddItemViewController.swift */,
				FA66212B27789652005F15C2 /* ItemsTableViewController.swift */,
				FA33A74C27DE48F90052785B /* ItemDetailsViewController.swift */,
			);
			path = Controllers;
			sourceTree = "<group>";
		};
		FA33A74927DE0FB10052785B /* OfferCell */ = {
			isa = PBXGroup;
			children = (
				FA33A74427DC17EF0052785B /* offerCollectionViewCell.swift */,
				FA33A74527DC17EF0052785B /* offerCollectionViewCell.xib */,
			);
			name = OfferCell;
			sourceTree = "<group>";
		};
		FA33A74A27DE0FCB0052785B /* HomeCell */ = {
			isa = PBXGroup;
			children = (
				FA33A74027DBE8200052785B /* HomeCollectionViewCell.swift */,
				FA33A74127DBE8200052785B /* HomeCollectionViewCell.xib */,
			);
			path = HomeCell;
			sourceTree = "<group>";
		};
		FA33A74B27DE0FEB0052785B /* ItemCell */ = {
			isa = PBXGroup;
			children = (
				FA1F4EE127CD3132003DCB24 /* ItemsTableViewCell.swift */,
			);
			path = ItemCell;
			sourceTree = "<group>";
		};
		FA33A75427DE4A050052785B /* ItemImagesCell */ = {
			isa = PBXGroup;
			children = (
				FA33A75527DE4A460052785B /* ItemImagesCollectionViewCell.swift */,
				FA33A75627DE4A460052785B /* ItemImagesCollectionViewCell.xib */,
			);
			path = ItemImagesCell;
			sourceTree = "<group>";
		};
		FA776B4727E101DF0080FA4B /* categories */ = {
			isa = PBXGroup;
			children = (
				FACB60DC27C82B96009138C7 /* GetCategories.swift */,
				FACB60DE27C82BC0009138C7 /* UploadCategories.swift */,
			);
			path = categories;
			sourceTree = "<group>";
		};
		FA776B4827E101EE0080FA4B /* Items */ = {
			isa = PBXGroup;
			children = (
				FA1F4EDF27CCFA18003DCB24 /* GetItems.swift */,
				FACB60E027C82C22009138C7 /* UploadItems.swift */,
			);
			path = Items;
			sourceTree = "<group>";
		};
		FA776B4927E102030080FA4B /* Basket */ = {
			isa = PBXGroup;
			children = (
				FA776B4527E0FEA10080FA4B /* SaveToBasket.swift */,
				FA776B4A27E1021C0080FA4B /* DownloadBasket.swift */,
			);
			path = Basket;
			sourceTree = "<group>";
		};
		FAC1FAE02773528000B3BDC7 /* Model */ = {
			isa = PBXGroup;
			children = (
				FAC1FADE27734C7800B3BDC7 /* Category.swift */,
				FA66212D2778B542005F15C2 /* Item.swift */,
				FA776B4327E0FCCE0080FA4B /* Basket.swift */,
			);
			path = Model;
			sourceTree = "<group>";
		};
		FAC1FAE12773528C00B3BDC7 /* Helper */ = {
			isa = PBXGroup;
			children = (
				FA153A41277FAB7700F6C02A /* Constants.swift */,
				FA153A4327825FD000F6C02A /* Rechabilty.swift */,
				FA33A6F927D659990052785B /* Extensions.swift */,
				FA33A6FB27D662980052785B /* activityIndicator.swift */,
				FA33A6FD27D673850052785B /* Functions.swift */,
			);
			path = Helper;
			sourceTree = "<group>";
		};
		FACB60DB27C82B7B009138C7 /* Firebase */ = {
			isa = PBXGroup;
			children = (
				FA776B4927E102030080FA4B /* Basket */,
				FA776B4827E101EE0080FA4B /* Items */,
				FA776B4727E101DF0080FA4B /* categories */,
				FAC1FADC27734B4B00B3BDC7 /* FirebaseRefrence.swift */,
				FA153A452782606300F6C02A /* FirebaseStorage.swift */,
			);
			path = Firebase;
			sourceTree = "<group>";
		};
		FAEEC4D1277343F90083EFD8 = {
			isa = PBXGroup;
			children = (
				FAEEC4DC277343F90083EFD8 /* MarketApp */,
				FAEEC4F3277343FB0083EFD8 /* MarketAppTests */,
				FA1BF6D627751C600092D6F9 /* CustomCells */,
				FACB60DB27C82B7B009138C7 /* Firebase */,
				FAEEC4FD277343FB0083EFD8 /* MarketAppUITests */,
				FAEEC4DB277343F90083EFD8 /* Products */,
				0441DCBE25180B3628A3AA41 /* Pods */,
				97FBB5A01D9D44250F84845F /* Frameworks */,
			);
			sourceTree = "<group>";
		};
		FAEEC4DB277343F90083EFD8 /* Products */ = {
			isa = PBXGroup;
			children = (
				FAEEC4DA277343F90083EFD8 /* MarketApp.app */,
				FAEEC4F0277343FB0083EFD8 /* MarketAppTests.xctest */,
				FAEEC4FA277343FB0083EFD8 /* MarketAppUITests.xctest */,
			);
			name = Products;
			sourceTree = "<group>";
		};
		FAEEC4DC277343F90083EFD8 /* MarketApp */ = {
			isa = PBXGroup;
			children = (
				FAEEC4DD277343F90083EFD8 /* AppDelegate.swift */,
				FAEEC4DF277343F90083EFD8 /* SceneDelegate.swift */,
				FAEEC4E3277343F90083EFD8 /* Main.storyboard */,
				FAEEC4E6277343FB0083EFD8 /* Assets.xcassets */,
				FAEEC4E8277343FB0083EFD8 /* LaunchScreen.storyboard */,
				FAEEC4EB277343FB0083EFD8 /* Info.plist */,
				FAC1FADA27734AEE00B3BDC7 /* GoogleService-Info.plist */,
				FA1BF6D727751C7E0092D6F9 /* Controllers */,
				FAC1FAE12773528C00B3BDC7 /* Helper */,
				FAC1FAE02773528000B3BDC7 /* Model */,
			);
			path = MarketApp;
			sourceTree = "<group>";
		};
		FAEEC4F3277343FB0083EFD8 /* MarketAppTests */ = {
			isa = PBXGroup;
			children = (
				FAEEC4F4277343FB0083EFD8 /* MarketAppTests.swift */,
			);
			path = MarketAppTests;
			sourceTree = "<group>";
		};
		FAEEC4FD277343FB0083EFD8 /* MarketAppUITests */ = {
			isa = PBXGroup;
			children = (
				FAEEC4FE277343FB0083EFD8 /* MarketAppUITests.swift */,
				FAEEC500277343FB0083EFD8 /* MarketAppUITestsLaunchTests.swift */,
			);
			path = MarketAppUITests;
			sourceTree = "<group>";
		};
/* End PBXGroup section */

/* Begin PBXNativeTarget section */
		FAEEC4D9277343F90083EFD8 /* MarketApp */ = {
			isa = PBXNativeTarget;
			buildConfigurationList = FAEEC504277343FB0083EFD8 /* Build configuration list for PBXNativeTarget "MarketApp" */;
			buildPhases = (
				78D319E3D037B1AC81986441 /* [CP] Check Pods Manifest.lock */,
				FAEEC4D6277343F90083EFD8 /* Sources */,
				FAEEC4D7277343F90083EFD8 /* Frameworks */,
				FAEEC4D8277343F90083EFD8 /* Resources */,
				C4ADB623BC43C68025834E6F /* [CP] Embed Pods Frameworks */,
			);
			buildRules = (
			);
			dependencies = (
			);
			name = MarketApp;
			productName = MarketApp;
			productReference = FAEEC4DA277343F90083EFD8 /* MarketApp.app */;
			productType = "com.apple.product-type.application";
		};
		FAEEC4EF277343FB0083EFD8 /* MarketAppTests */ = {
			isa = PBXNativeTarget;
			buildConfigurationList = FAEEC507277343FB0083EFD8 /* Build configuration list for PBXNativeTarget "MarketAppTests" */;
			buildPhases = (
				607776D079BF3F439836D9C8 /* [CP] Check Pods Manifest.lock */,
				FAEEC4EC277343FB0083EFD8 /* Sources */,
				FAEEC4ED277343FB0083EFD8 /* Frameworks */,
				FAEEC4EE277343FB0083EFD8 /* Resources */,
			);
			buildRules = (
			);
			dependencies = (
				FAEEC4F2277343FB0083EFD8 /* PBXTargetDependency */,
			);
			name = MarketAppTests;
			productName = MarketAppTests;
			productReference = FAEEC4F0277343FB0083EFD8 /* MarketAppTests.xctest */;
			productType = "com.apple.product-type.bundle.unit-test";
		};
		FAEEC4F9277343FB0083EFD8 /* MarketAppUITests */ = {
			isa = PBXNativeTarget;
			buildConfigurationList = FAEEC50A277343FB0083EFD8 /* Build configuration list for PBXNativeTarget "MarketAppUITests" */;
			buildPhases = (
				6BB1E93ECAFB3A0A142B7DA2 /* [CP] Check Pods Manifest.lock */,
				FAEEC4F6277343FB0083EFD8 /* Sources */,
				FAEEC4F7277343FB0083EFD8 /* Frameworks */,
				FAEEC4F8277343FB0083EFD8 /* Resources */,
				886F72277AA3A6CEB9BD9417 /* [CP] Embed Pods Frameworks */,
			);
			buildRules = (
			);
			dependencies = (
				FAEEC4FC277343FB0083EFD8 /* PBXTargetDependency */,
			);
			name = MarketAppUITests;
			productName = MarketAppUITests;
			productReference = FAEEC4FA277343FB0083EFD8 /* MarketAppUITests.xctest */;
			productType = "com.apple.product-type.bundle.ui-testing";
		};
/* End PBXNativeTarget section */

/* Begin PBXProject section */
		FAEEC4D2277343F90083EFD8 /* Project object */ = {
			isa = PBXProject;
			attributes = {
				BuildIndependentTargetsInParallel = 1;
				LastSwiftUpdateCheck = 1300;
				LastUpgradeCheck = 1300;
				TargetAttributes = {
					FAEEC4D9277343F90083EFD8 = {
						CreatedOnToolsVersion = 13.0;
					};
					FAEEC4EF277343FB0083EFD8 = {
						CreatedOnToolsVersion = 13.0;
						TestTargetID = FAEEC4D9277343F90083EFD8;
					};
					FAEEC4F9277343FB0083EFD8 = {
						CreatedOnToolsVersion = 13.0;
						TestTargetID = FAEEC4D9277343F90083EFD8;
					};
				};
			};
			buildConfigurationList = FAEEC4D5277343F90083EFD8 /* Build configuration list for PBXProject "MarketApp" */;
			compatibilityVersion = "Xcode 13.0";
			developmentRegion = en;
			hasScannedForEncodings = 0;
			knownRegions = (
				en,
				Base,
			);
			mainGroup = FAEEC4D1277343F90083EFD8;
			productRefGroup = FAEEC4DB277343F90083EFD8 /* Products */;
			projectDirPath = "";
			projectRoot = "";
			targets = (
				FAEEC4D9277343F90083EFD8 /* MarketApp */,
				FAEEC4EF277343FB0083EFD8 /* MarketAppTests */,
				FAEEC4F9277343FB0083EFD8 /* MarketAppUITests */,
			);
		};
/* End PBXProject section */

/* Begin PBXResourcesBuildPhase section */
		FAEEC4D8277343F90083EFD8 /* Resources */ = {
			isa = PBXResourcesBuildPhase;
			buildActionMask = 2147483647;
			files = (
				FAEEC4EA277343FB0083EFD8 /* LaunchScreen.storyboard in Resources */,
				FA33A74727DC17EF0052785B /* offerCollectionViewCell.xib in Resources */,
				FA33A74327DBE8200052785B /* HomeCollectionViewCell.xib in Resources */,
				FAC1FADB27734AEE00B3BDC7 /* GoogleService-Info.plist in Resources */,
				FAEEC4E7277343FB0083EFD8 /* Assets.xcassets in Resources */,
				FAEEC4E5277343F90083EFD8 /* Main.storyboard in Resources */,
				FA33A75827DE4A460052785B /* ItemImagesCollectionViewCell.xib in Resources */,
			);
			runOnlyForDeploymentPostprocessing = 0;
		};
		FAEEC4EE277343FB0083EFD8 /* Resources */ = {
			isa = PBXResourcesBuildPhase;
			buildActionMask = 2147483647;
			files = (
			);
			runOnlyForDeploymentPostprocessing = 0;
		};
		FAEEC4F8277343FB0083EFD8 /* Resources */ = {
			isa = PBXResourcesBuildPhase;
			buildActionMask = 2147483647;
			files = (
			);
			runOnlyForDeploymentPostprocessing = 0;
		};
/* End PBXResourcesBuildPhase section */

/* Begin PBXShellScriptBuildPhase section */
		607776D079BF3F439836D9C8 /* [CP] Check Pods Manifest.lock */ = {
			isa = PBXShellScriptBuildPhase;
			buildActionMask = 2147483647;
			files = (
			);
			inputFileListPaths = (
			);
			inputPaths = (
				"${PODS_PODFILE_DIR_PATH}/Podfile.lock",
				"${PODS_ROOT}/Manifest.lock",
			);
			name = "[CP] Check Pods Manifest.lock";
			outputFileListPaths = (
			);
			outputPaths = (
				"$(DERIVED_FILE_DIR)/Pods-MarketAppTests-checkManifestLockResult.txt",
			);
			runOnlyForDeploymentPostprocessing = 0;
			shellPath = /bin/sh;
			shellScript = "diff \"${PODS_PODFILE_DIR_PATH}/Podfile.lock\" \"${PODS_ROOT}/Manifest.lock\" > /dev/null\nif [ $? != 0 ] ; then\n    # print error to STDERR\n    echo \"error: The sandbox is not in sync with the Podfile.lock. Run 'pod install' or update your CocoaPods installation.\" >&2\n    exit 1\nfi\n# This output is used by Xcode 'outputs' to avoid re-running this script phase.\necho \"SUCCESS\" > \"${SCRIPT_OUTPUT_FILE_0}\"\n";
			showEnvVarsInLog = 0;
		};
		6BB1E93ECAFB3A0A142B7DA2 /* [CP] Check Pods Manifest.lock */ = {
			isa = PBXShellScriptBuildPhase;
			buildActionMask = 2147483647;
			files = (
			);
			inputFileListPaths = (
			);
			inputPaths = (
				"${PODS_PODFILE_DIR_PATH}/Podfile.lock",
				"${PODS_ROOT}/Manifest.lock",
			);
			name = "[CP] Check Pods Manifest.lock";
			outputFileListPaths = (
			);
			outputPaths = (
				"$(DERIVED_FILE_DIR)/Pods-MarketApp-MarketAppUITests-checkManifestLockResult.txt",
			);
			runOnlyForDeploymentPostprocessing = 0;
			shellPath = /bin/sh;
			shellScript = "diff \"${PODS_PODFILE_DIR_PATH}/Podfile.lock\" \"${PODS_ROOT}/Manifest.lock\" > /dev/null\nif [ $? != 0 ] ; then\n    # print error to STDERR\n    echo \"error: The sandbox is not in sync with the Podfile.lock. Run 'pod install' or update your CocoaPods installation.\" >&2\n    exit 1\nfi\n# This output is used by Xcode 'outputs' to avoid re-running this script phase.\necho \"SUCCESS\" > \"${SCRIPT_OUTPUT_FILE_0}\"\n";
			showEnvVarsInLog = 0;
		};
		78D319E3D037B1AC81986441 /* [CP] Check Pods Manifest.lock */ = {
			isa = PBXShellScriptBuildPhase;
			buildActionMask = 2147483647;
			files = (
			);
			inputFileListPaths = (
			);
			inputPaths = (
				"${PODS_PODFILE_DIR_PATH}/Podfile.lock",
				"${PODS_ROOT}/Manifest.lock",
			);
			name = "[CP] Check Pods Manifest.lock";
			outputFileListPaths = (
			);
			outputPaths = (
				"$(DERIVED_FILE_DIR)/Pods-MarketApp-checkManifestLockResult.txt",
			);
			runOnlyForDeploymentPostprocessing = 0;
			shellPath = /bin/sh;
			shellScript = "diff \"${PODS_PODFILE_DIR_PATH}/Podfile.lock\" \"${PODS_ROOT}/Manifest.lock\" > /dev/null\nif [ $? != 0 ] ; then\n    # print error to STDERR\n    echo \"error: The sandbox is not in sync with the Podfile.lock. Run 'pod install' or update your CocoaPods installation.\" >&2\n    exit 1\nfi\n# This output is used by Xcode 'outputs' to avoid re-running this script phase.\necho \"SUCCESS\" > \"${SCRIPT_OUTPUT_FILE_0}\"\n";
			showEnvVarsInLog = 0;
		};
		886F72277AA3A6CEB9BD9417 /* [CP] Embed Pods Frameworks */ = {
			isa = PBXShellScriptBuildPhase;
			buildActionMask = 2147483647;
			files = (
			);
			inputFileListPaths = (
				"${PODS_ROOT}/Target Support Files/Pods-MarketApp-MarketAppUITests/Pods-MarketApp-MarketAppUITests-frameworks-${CONFIGURATION}-input-files.xcfilelist",
			);
			name = "[CP] Embed Pods Frameworks";
			outputFileListPaths = (
				"${PODS_ROOT}/Target Support Files/Pods-MarketApp-MarketAppUITests/Pods-MarketApp-MarketAppUITests-frameworks-${CONFIGURATION}-output-files.xcfilelist",
			);
			runOnlyForDeploymentPostprocessing = 0;
			shellPath = /bin/sh;
			shellScript = "\"${PODS_ROOT}/Target Support Files/Pods-MarketApp-MarketAppUITests/Pods-MarketApp-MarketAppUITests-frameworks.sh\"\n";
			showEnvVarsInLog = 0;
		};
		C4ADB623BC43C68025834E6F /* [CP] Embed Pods Frameworks */ = {
			isa = PBXShellScriptBuildPhase;
			buildActionMask = 2147483647;
			files = (
			);
			inputFileListPaths = (
				"${PODS_ROOT}/Target Support Files/Pods-MarketApp/Pods-MarketApp-frameworks-${CONFIGURATION}-input-files.xcfilelist",
			);
			name = "[CP] Embed Pods Frameworks";
			outputFileListPaths = (
				"${PODS_ROOT}/Target Support Files/Pods-MarketApp/Pods-MarketApp-frameworks-${CONFIGURATION}-output-files.xcfilelist",
			);
			runOnlyForDeploymentPostprocessing = 0;
			shellPath = /bin/sh;
			shellScript = "\"${PODS_ROOT}/Target Support Files/Pods-MarketApp/Pods-MarketApp-frameworks.sh\"\n";
			showEnvVarsInLog = 0;
		};
/* End PBXShellScriptBuildPhase section */

/* Begin PBXSourcesBuildPhase section */
		FAEEC4D6277343F90083EFD8 /* Sources */ = {
			isa = PBXSourcesBuildPhase;
			buildActionMask = 2147483647;
			files = (
				FAC1FADD27734B4B00B3BDC7 /* FirebaseRefrence.swift in Sources */,
				FA33A74627DC17EF0052785B /* offerCollectionViewCell.swift in Sources */,
				FA33A6FA27D659990052785B /* Extensions.swift in Sources */,
				FACB60E127C82C22009138C7 /* UploadItems.swift in Sources */,
				FA33A6FE27D673850052785B /* Functions.swift in Sources */,
				FA66212E2778B542005F15C2 /* Item.swift in Sources */,
				FA33A73F27DBE7900052785B /* HomeViewController.swift in Sources */,
				FAC1FADF27734C7800B3BDC7 /* Category.swift in Sources */,
				FA1F4EE227CD3132003DCB24 /* ItemsTableViewCell.swift in Sources */,
				FA776B4627E0FEA10080FA4B /* SaveToBasket.swift in Sources */,
				FA776B4427E0FCCE0080FA4B /* Basket.swift in Sources */,
				FA33A75727DE4A460052785B /* ItemImagesCollectionViewCell.swift in Sources */,
				FA66212C27789652005F15C2 /* ItemsTableViewController.swift in Sources */,
				FA153A42277FAB7700F6C02A /* Constants.swift in Sources */,
				FAEEC4E2277343F90083EFD8 /* AddItemViewController.swift in Sources */,
				FAEEC4DE277343F90083EFD8 /* AppDelegate.swift in Sources */,
				FA153A4427825FD000F6C02A /* Rechabilty.swift in Sources */,
				FA1F4EE027CCFA18003DCB24 /* GetItems.swift in Sources */,
				FACB60DF27C82BC0009138C7 /* UploadCategories.swift in Sources */,
				FA33A74D27DE48F90052785B /* ItemDetailsViewController.swift in Sources */,
				FA33A74227DBE8200052785B /* HomeCollectionViewCell.swift in Sources */,
				FA776B4B27E1021C0080FA4B /* DownloadBasket.swift in Sources */,
				FA153A462782606300F6C02A /* FirebaseStorage.swift in Sources */,
				FA33A6FC27D662980052785B /* activityIndicator.swift in Sources */,
				FACB60DD27C82B96009138C7 /* GetCategories.swift in Sources */,
				FAEEC4E0277343F90083EFD8 /* SceneDelegate.swift in Sources */,
			);
			runOnlyForDeploymentPostprocessing = 0;
		};
		FAEEC4EC277343FB0083EFD8 /* Sources */ = {
			isa = PBXSourcesBuildPhase;
			buildActionMask = 2147483647;
			files = (
				FAEEC4F5277343FB0083EFD8 /* MarketAppTests.swift in Sources */,
			);
			runOnlyForDeploymentPostprocessing = 0;
		};
		FAEEC4F6277343FB0083EFD8 /* Sources */ = {
			isa = PBXSourcesBuildPhase;
			buildActionMask = 2147483647;
			files = (
				FAEEC501277343FB0083EFD8 /* MarketAppUITestsLaunchTests.swift in Sources */,
				FAEEC4FF277343FB0083EFD8 /* MarketAppUITests.swift in Sources */,
			);
			runOnlyForDeploymentPostprocessing = 0;
		};
/* End PBXSourcesBuildPhase section */

/* Begin PBXTargetDependency section */
		FAEEC4F2277343FB0083EFD8 /* PBXTargetDependency */ = {
			isa = PBXTargetDependency;
			target = FAEEC4D9277343F90083EFD8 /* MarketApp */;
			targetProxy = FAEEC4F1277343FB0083EFD8 /* PBXContainerItemProxy */;
		};
		FAEEC4FC277343FB0083EFD8 /* PBXTargetDependency */ = {
			isa = PBXTargetDependency;
			target = FAEEC4D9277343F90083EFD8 /* MarketApp */;
			targetProxy = FAEEC4FB277343FB0083EFD8 /* PBXContainerItemProxy */;
		};
/* End PBXTargetDependency section */

/* Begin PBXVariantGroup section */
		FAEEC4E3277343F90083EFD8 /* Main.storyboard */ = {
			isa = PBXVariantGroup;
			children = (
				FAEEC4E4277343F90083EFD8 /* Base */,
			);
			name = Main.storyboard;
			sourceTree = "<group>";
		};
		FAEEC4E8277343FB0083EFD8 /* LaunchScreen.storyboard */ = {
			isa = PBXVariantGroup;
			children = (
				FAEEC4E9277343FB0083EFD8 /* Base */,
			);
			name = LaunchScreen.storyboard;
			sourceTree = "<group>";
		};
/* End PBXVariantGroup section */

/* Begin XCBuildConfiguration section */
		FAEEC502277343FB0083EFD8 /* Debug */ = {
			isa = XCBuildConfiguration;
			buildSettings = {
				ALWAYS_SEARCH_USER_PATHS = NO;
				CLANG_ANALYZER_NONNULL = YES;
				CLANG_ANALYZER_NUMBER_OBJECT_CONVERSION = YES_AGGRESSIVE;
				CLANG_CXX_LANGUAGE_STANDARD = "gnu++17";
				CLANG_CXX_LIBRARY = "libc++";
				CLANG_ENABLE_MODULES = YES;
				CLANG_ENABLE_OBJC_ARC = YES;
				CLANG_ENABLE_OBJC_WEAK = YES;
				CLANG_WARN_BLOCK_CAPTURE_AUTORELEASING = YES;
				CLANG_WARN_BOOL_CONVERSION = YES;
				CLANG_WARN_COMMA = YES;
				CLANG_WARN_CONSTANT_CONVERSION = YES;
				CLANG_WARN_DEPRECATED_OBJC_IMPLEMENTATIONS = YES;
				CLANG_WARN_DIRECT_OBJC_ISA_USAGE = YES_ERROR;
				CLANG_WARN_DOCUMENTATION_COMMENTS = YES;
				CLANG_WARN_EMPTY_BODY = YES;
				CLANG_WARN_ENUM_CONVERSION = YES;
				CLANG_WARN_INFINITE_RECURSION = YES;
				CLANG_WARN_INT_CONVERSION = YES;
				CLANG_WARN_NON_LITERAL_NULL_CONVERSION = YES;
				CLANG_WARN_OBJC_IMPLICIT_RETAIN_SELF = YES;
				CLANG_WARN_OBJC_LITERAL_CONVERSION = YES;
				CLANG_WARN_OBJC_ROOT_CLASS = YES_ERROR;
				CLANG_WARN_QUOTED_INCLUDE_IN_FRAMEWORK_HEADER = YES;
				CLANG_WARN_RANGE_LOOP_ANALYSIS = YES;
				CLANG_WARN_STRICT_PROTOTYPES = YES;
				CLANG_WARN_SUSPICIOUS_MOVE = YES;
				CLANG_WARN_UNGUARDED_AVAILABILITY = YES_AGGRESSIVE;
				CLANG_WARN_UNREACHABLE_CODE = YES;
				CLANG_WARN__DUPLICATE_METHOD_MATCH = YES;
				COPY_PHASE_STRIP = NO;
				DEBUG_INFORMATION_FORMAT = dwarf;
				ENABLE_STRICT_OBJC_MSGSEND = YES;
				ENABLE_TESTABILITY = YES;
				GCC_C_LANGUAGE_STANDARD = gnu11;
				GCC_DYNAMIC_NO_PIC = NO;
				GCC_NO_COMMON_BLOCKS = YES;
				GCC_OPTIMIZATION_LEVEL = 0;
				GCC_PREPROCESSOR_DEFINITIONS = (
					"DEBUG=1",
					"$(inherited)",
				);
				GCC_WARN_64_TO_32_BIT_CONVERSION = YES;
				GCC_WARN_ABOUT_RETURN_TYPE = YES_ERROR;
				GCC_WARN_UNDECLARED_SELECTOR = YES;
				GCC_WARN_UNINITIALIZED_AUTOS = YES_AGGRESSIVE;
				GCC_WARN_UNUSED_FUNCTION = YES;
				GCC_WARN_UNUSED_VARIABLE = YES;
				IPHONEOS_DEPLOYMENT_TARGET = 15.0;
				MTL_ENABLE_DEBUG_INFO = INCLUDE_SOURCE;
				MTL_FAST_MATH = YES;
				ONLY_ACTIVE_ARCH = YES;
				SDKROOT = iphoneos;
				SWIFT_ACTIVE_COMPILATION_CONDITIONS = DEBUG;
				SWIFT_OPTIMIZATION_LEVEL = "-Onone";
			};
			name = Debug;
		};
		FAEEC503277343FB0083EFD8 /* Release */ = {
			isa = XCBuildConfiguration;
			buildSettings = {
				ALWAYS_SEARCH_USER_PATHS = NO;
				CLANG_ANALYZER_NONNULL = YES;
				CLANG_ANALYZER_NUMBER_OBJECT_CONVERSION = YES_AGGRESSIVE;
				CLANG_CXX_LANGUAGE_STANDARD = "gnu++17";
				CLANG_CXX_LIBRARY = "libc++";
				CLANG_ENABLE_MODULES = YES;
				CLANG_ENABLE_OBJC_ARC = YES;
				CLANG_ENABLE_OBJC_WEAK = YES;
				CLANG_WARN_BLOCK_CAPTURE_AUTORELEASING = YES;
				CLANG_WARN_BOOL_CONVERSION = YES;
				CLANG_WARN_COMMA = YES;
				CLANG_WARN_CONSTANT_CONVERSION = YES;
				CLANG_WARN_DEPRECATED_OBJC_IMPLEMENTATIONS = YES;
				CLANG_WARN_DIRECT_OBJC_ISA_USAGE = YES_ERROR;
				CLANG_WARN_DOCUMENTATION_COMMENTS = YES;
				CLANG_WARN_EMPTY_BODY = YES;
				CLANG_WARN_ENUM_CONVERSION = YES;
				CLANG_WARN_INFINITE_RECURSION = YES;
				CLANG_WARN_INT_CONVERSION = YES;
				CLANG_WARN_NON_LITERAL_NULL_CONVERSION = YES;
				CLANG_WARN_OBJC_IMPLICIT_RETAIN_SELF = YES;
				CLANG_WARN_OBJC_LITERAL_CONVERSION = YES;
				CLANG_WARN_OBJC_ROOT_CLASS = YES_ERROR;
				CLANG_WARN_QUOTED_INCLUDE_IN_FRAMEWORK_HEADER = YES;
				CLANG_WARN_RANGE_LOOP_ANALYSIS = YES;
				CLANG_WARN_STRICT_PROTOTYPES = YES;
				CLANG_WARN_SUSPICIOUS_MOVE = YES;
				CLANG_WARN_UNGUARDED_AVAILABILITY = YES_AGGRESSIVE;
				CLANG_WARN_UNREACHABLE_CODE = YES;
				CLANG_WARN__DUPLICATE_METHOD_MATCH = YES;
				COPY_PHASE_STRIP = NO;
				DEBUG_INFORMATION_FORMAT = "dwarf-with-dsym";
				ENABLE_NS_ASSERTIONS = NO;
				ENABLE_STRICT_OBJC_MSGSEND = YES;
				GCC_C_LANGUAGE_STANDARD = gnu11;
				GCC_NO_COMMON_BLOCKS = YES;
				GCC_WARN_64_TO_32_BIT_CONVERSION = YES;
				GCC_WARN_ABOUT_RETURN_TYPE = YES_ERROR;
				GCC_WARN_UNDECLARED_SELECTOR = YES;
				GCC_WARN_UNINITIALIZED_AUTOS = YES_AGGRESSIVE;
				GCC_WARN_UNUSED_FUNCTION = YES;
				GCC_WARN_UNUSED_VARIABLE = YES;
				IPHONEOS_DEPLOYMENT_TARGET = 15.0;
				MTL_ENABLE_DEBUG_INFO = NO;
				MTL_FAST_MATH = YES;
				SDKROOT = iphoneos;
				SWIFT_COMPILATION_MODE = wholemodule;
				SWIFT_OPTIMIZATION_LEVEL = "-O";
				VALIDATE_PRODUCT = YES;
			};
			name = Release;
		};
		FAEEC505277343FB0083EFD8 /* Debug */ = {
			isa = XCBuildConfiguration;
			baseConfigurationReference = 5A024F5C7C1AA007272D5B68 /* Pods-MarketApp.debug.xcconfig */;
			buildSettings = {
				ASSETCATALOG_COMPILER_APPICON_NAME = AppIcon;
				ASSETCATALOG_COMPILER_GLOBAL_ACCENT_COLOR_NAME = AccentColor;
				CODE_SIGN_STYLE = Automatic;
				CURRENT_PROJECT_VERSION = 1;
				DEVELOPMENT_TEAM = 3UA7J8M967;
				GENERATE_INFOPLIST_FILE = YES;
				INFOPLIST_FILE = MarketApp/Info.plist;
				INFOPLIST_KEY_UIApplicationSupportsIndirectInputEvents = YES;
				INFOPLIST_KEY_UILaunchStoryboardName = LaunchScreen;
				INFOPLIST_KEY_UIMainStoryboardFile = Main;
				INFOPLIST_KEY_UISupportedInterfaceOrientations_iPad = "UIInterfaceOrientationPortrait UIInterfaceOrientationPortraitUpsideDown UIInterfaceOrientationLandscapeLeft UIInterfaceOrientationLandscapeRight";
				INFOPLIST_KEY_UISupportedInterfaceOrientations_iPhone = "UIInterfaceOrientationPortrait UIInterfaceOrientationLandscapeLeft UIInterfaceOrientationLandscapeRight";
				LD_RUNPATH_SEARCH_PATHS = (
					"$(inherited)",
					"@executable_path/Frameworks",
				);
				MARKETING_VERSION = 1.0;
				PRODUCT_BUNDLE_IDENTIFIER = com.AhmedReda.MarketApp;
				PRODUCT_NAME = "$(TARGET_NAME)";
				SWIFT_EMIT_LOC_STRINGS = YES;
				SWIFT_VERSION = 5.0;
				TARGETED_DEVICE_FAMILY = "1,2";
			};
			name = Debug;
		};
		FAEEC506277343FB0083EFD8 /* Release */ = {
			isa = XCBuildConfiguration;
			baseConfigurationReference = 56CF2B06B8C7EF61EEC80D86 /* Pods-MarketApp.release.xcconfig */;
			buildSettings = {
				ASSETCATALOG_COMPILER_APPICON_NAME = AppIcon;
				ASSETCATALOG_COMPILER_GLOBAL_ACCENT_COLOR_NAME = AccentColor;
				CODE_SIGN_STYLE = Automatic;
				CURRENT_PROJECT_VERSION = 1;
				DEVELOPMENT_TEAM = 3UA7J8M967;
				GENERATE_INFOPLIST_FILE = YES;
				INFOPLIST_FILE = MarketApp/Info.plist;
				INFOPLIST_KEY_UIApplicationSupportsIndirectInputEvents = YES;
				INFOPLIST_KEY_UILaunchStoryboardName = LaunchScreen;
				INFOPLIST_KEY_UIMainStoryboardFile = Main;
				INFOPLIST_KEY_UISupportedInterfaceOrientations_iPad = "UIInterfaceOrientationPortrait UIInterfaceOrientationPortraitUpsideDown UIInterfaceOrientationLandscapeLeft UIInterfaceOrientationLandscapeRight";
				INFOPLIST_KEY_UISupportedInterfaceOrientations_iPhone = "UIInterfaceOrientationPortrait UIInterfaceOrientationLandscapeLeft UIInterfaceOrientationLandscapeRight";
				LD_RUNPATH_SEARCH_PATHS = (
					"$(inherited)",
					"@executable_path/Frameworks",
				);
				MARKETING_VERSION = 1.0;
				PRODUCT_BUNDLE_IDENTIFIER = com.AhmedReda.MarketApp;
				PRODUCT_NAME = "$(TARGET_NAME)";
				SWIFT_EMIT_LOC_STRINGS = YES;
				SWIFT_VERSION = 5.0;
				TARGETED_DEVICE_FAMILY = "1,2";
			};
			name = Release;
		};
		FAEEC508277343FB0083EFD8 /* Debug */ = {
			isa = XCBuildConfiguration;
			baseConfigurationReference = 3493E7CA469C830E842E0675 /* Pods-MarketAppTests.debug.xcconfig */;
			buildSettings = {
				ALWAYS_EMBED_SWIFT_STANDARD_LIBRARIES = YES;
				BUNDLE_LOADER = "$(TEST_HOST)";
				CODE_SIGN_STYLE = Automatic;
				CURRENT_PROJECT_VERSION = 1;
				DEVELOPMENT_TEAM = 3UA7J8M967;
				GENERATE_INFOPLIST_FILE = YES;
				IPHONEOS_DEPLOYMENT_TARGET = 15.0;
				LD_RUNPATH_SEARCH_PATHS = (
					"$(inherited)",
					"@executable_path/Frameworks",
					"@loader_path/Frameworks",
				);
				MARKETING_VERSION = 1.0;
				PRODUCT_BUNDLE_IDENTIFIER = com.AhmedReda.MarketAppTests;
				PRODUCT_NAME = "$(TARGET_NAME)";
				SWIFT_EMIT_LOC_STRINGS = NO;
				SWIFT_VERSION = 5.0;
				TARGETED_DEVICE_FAMILY = "1,2";
				TEST_HOST = "$(BUILT_PRODUCTS_DIR)/MarketApp.app/MarketApp";
			};
			name = Debug;
		};
		FAEEC509277343FB0083EFD8 /* Release */ = {
			isa = XCBuildConfiguration;
			baseConfigurationReference = FDE39A9FC6FB89F4787F8BCD /* Pods-MarketAppTests.release.xcconfig */;
			buildSettings = {
				ALWAYS_EMBED_SWIFT_STANDARD_LIBRARIES = YES;
				BUNDLE_LOADER = "$(TEST_HOST)";
				CODE_SIGN_STYLE = Automatic;
				CURRENT_PROJECT_VERSION = 1;
				DEVELOPMENT_TEAM = 3UA7J8M967;
				GENERATE_INFOPLIST_FILE = YES;
				IPHONEOS_DEPLOYMENT_TARGET = 15.0;
				LD_RUNPATH_SEARCH_PATHS = (
					"$(inherited)",
					"@executable_path/Frameworks",
					"@loader_path/Frameworks",
				);
				MARKETING_VERSION = 1.0;
				PRODUCT_BUNDLE_IDENTIFIER = com.AhmedReda.MarketAppTests;
				PRODUCT_NAME = "$(TARGET_NAME)";
				SWIFT_EMIT_LOC_STRINGS = NO;
				SWIFT_VERSION = 5.0;
				TARGETED_DEVICE_FAMILY = "1,2";
				TEST_HOST = "$(BUILT_PRODUCTS_DIR)/MarketApp.app/MarketApp";
			};
			name = Release;
		};
		FAEEC50B277343FB0083EFD8 /* Debug */ = {
			isa = XCBuildConfiguration;
			baseConfigurationReference = 453371B57C0E831867AFD30D /* Pods-MarketApp-MarketAppUITests.debug.xcconfig */;
			buildSettings = {
				ALWAYS_EMBED_SWIFT_STANDARD_LIBRARIES = YES;
				CODE_SIGN_STYLE = Automatic;
				CURRENT_PROJECT_VERSION = 1;
				DEVELOPMENT_TEAM = 3UA7J8M967;
				GENERATE_INFOPLIST_FILE = YES;
				LD_RUNPATH_SEARCH_PATHS = (
					"$(inherited)",
					"@executable_path/Frameworks",
					"@loader_path/Frameworks",
				);
				MARKETING_VERSION = 1.0;
				PRODUCT_BUNDLE_IDENTIFIER = com.AhmedReda.MarketAppUITests;
				PRODUCT_NAME = "$(TARGET_NAME)";
				SWIFT_EMIT_LOC_STRINGS = NO;
				SWIFT_VERSION = 5.0;
				TARGETED_DEVICE_FAMILY = "1,2";
				TEST_TARGET_NAME = MarketApp;
			};
			name = Debug;
		};
		FAEEC50C277343FB0083EFD8 /* Release */ = {
			isa = XCBuildConfiguration;
			baseConfigurationReference = B8E7694C948DB8661176936A /* Pods-MarketApp-MarketAppUITests.release.xcconfig */;
			buildSettings = {
				ALWAYS_EMBED_SWIFT_STANDARD_LIBRARIES = YES;
				CODE_SIGN_STYLE = Automatic;
				CURRENT_PROJECT_VERSION = 1;
				DEVELOPMENT_TEAM = 3UA7J8M967;
				GENERATE_INFOPLIST_FILE = YES;
				LD_RUNPATH_SEARCH_PATHS = (
					"$(inherited)",
					"@executable_path/Frameworks",
					"@loader_path/Frameworks",
				);
				MARKETING_VERSION = 1.0;
				PRODUCT_BUNDLE_IDENTIFIER = com.AhmedReda.MarketAppUITests;
				PRODUCT_NAME = "$(TARGET_NAME)";
				SWIFT_EMIT_LOC_STRINGS = NO;
				SWIFT_VERSION = 5.0;
				TARGETED_DEVICE_FAMILY = "1,2";
				TEST_TARGET_NAME = MarketApp;
			};
			name = Release;
		};
/* End XCBuildConfiguration section */

/* Begin XCConfigurationList section */
		FAEEC4D5277343F90083EFD8 /* Build configuration list for PBXProject "MarketApp" */ = {
			isa = XCConfigurationList;
			buildConfigurations = (
				FAEEC502277343FB0083EFD8 /* Debug */,
				FAEEC503277343FB0083EFD8 /* Release */,
			);
			defaultConfigurationIsVisible = 0;
			defaultConfigurationName = Release;
		};
		FAEEC504277343FB0083EFD8 /* Build configuration list for PBXNativeTarget "MarketApp" */ = {
			isa = XCConfigurationList;
			buildConfigurations = (
				FAEEC505277343FB0083EFD8 /* Debug */,
				FAEEC506277343FB0083EFD8 /* Release */,
			);
			defaultConfigurationIsVisible = 0;
			defaultConfigurationName = Release;
		};
		FAEEC507277343FB0083EFD8 /* Build configuration list for PBXNativeTarget "MarketAppTests" */ = {
			isa = XCConfigurationList;
			buildConfigurations = (
				FAEEC508277343FB0083EFD8 /* Debug */,
				FAEEC509277343FB0083EFD8 /* Release */,
			);
			defaultConfigurationIsVisible = 0;
			defaultConfigurationName = Release;
		};
		FAEEC50A277343FB0083EFD8 /* Build configuration list for PBXNativeTarget "MarketAppUITests" */ = {
			isa = XCConfigurationList;
			buildConfigurations = (
				FAEEC50B277343FB0083EFD8 /* Debug */,
				FAEEC50C277343FB0083EFD8 /* Release */,
			);
			defaultConfigurationIsVisible = 0;
			defaultConfigurationName = Release;
		};
/* End XCConfigurationList section */
	};
	rootObject = FAEEC4D2277343F90083EFD8 /* Project object */;
}
